
Microsoft Visual Studio Solution File, Format Version 12.00
# Visual Studio Version 17
VisualStudioVersion = 17.4.33205.214
MinimumVisualStudioVersion = 10.0.40219.1
Project("{FAE04EC0-301F-11D3-BF4B-00C04F79EFBC}") = "NeEkersenProject", "NeEkersenProject\NeEkersenProject.csproj", "{F863135F-DB70-4655-96E0-EF185CD4D8C8}"
EndProject
Global
	GlobalSection(SolutionConfigurationPlatforms) = preSolution
		Debug|Any CPU = Debug|Any CPU
		Release|Any CPU = Release|Any CPU
	EndGlobalSection
	GlobalSection(ProjectConfigurationPlatforms) = postSolution
		{F863135F-DB70-4655-96E0-EF185CD4D8C8}.Debug|Any CPU.ActiveCfg = Debug|Any CPU
		{F863135F-DB70-4655-96E0-EF185CD4D8C8}.Debug|Any CPU.Build.0 = Debug|Any CPU
		{F863135F-DB70-4655-96E0-EF185CD4D8C8}.Release|Any CPU.ActiveCfg = Release|Any CPU
		{F863135F-DB70-4655-96E0-EF185CD4D8C8}.Release|Any CPU.Build.0 = Release|Any CPU
	EndGlobalSection
	GlobalSection(SolutionProperties) = preSolution
		HideSolutionNode = FALSE
	EndGlobalSection
	GlobalSection(ExtensibilityGlobals) = postSolution
		SolutionGuid = {C42B38D3-6EF8-4247-BD07-78F9208D93AA}
	EndGlobalSection
EndGlobal
